
Microsoft Visual Studio Solution File, Format Version 12.00
# Visual Studio 14
VisualStudioVersion = 14.0.25420.1
MinimumVisualStudioVersion = 10.0.40219.1
Project("{FAE04EC0-301F-11D3-BF4B-00C04F79EFBC}") = "StockMarketsimulationGame", "StockMarketsimulationGame\StockMarketsimulationGame.csproj", "{E87BD05E-654C-40FB-A509-C5DDD63BD738}"
EndProject
Project("{FAE04EC0-301F-11D3-BF4B-00C04F79EFBC}") = "BusinessEntity", "BusinessEntity\BusinessEntity.csproj", "{E54FB519-F080-4F85-8E22-0D96B0AC5FA1}"
EndProject
Project("{2150E333-8FDC-42A3-9474-1A3956D46DE8}") = "BusinessEntities", "BusinessEntities", "{D0936F3C-F313-48A0-AF81-F33D73E65D82}"
EndProject
Project("{2150E333-8FDC-42A3-9474-1A3956D46DE8}") = "Data", "Data", "{41B60DBF-43F7-4110-B61B-6B51D74F6C18}"
EndProject
Project("{FAE04EC0-301F-11D3-BF4B-00C04F79EFBC}") = "Repositories", "Repositories\Repositories.csproj", "{003B1DED-1D96-49D9-B61C-729CD6427912}"
EndProject
Project("{2150E333-8FDC-42A3-9474-1A3956D46DE8}") = "BusinessLogic", "BusinessLogic", "{E7207391-C1FC-4E89-A0A4-7EB8830A9CBF}"
EndProject
Project("{FAE04EC0-301F-11D3-BF4B-00C04F79EFBC}") = "BusinessBL", "BusinessBL\BusinessBL.csproj", "{CF8F45A8-B56A-4169-8B65-F4DFE80AA045}"
EndProject
Project("{2150E333-8FDC-42A3-9474-1A3956D46DE8}") = "Presantation", "Presantation", "{D6526A77-C1EE-434F-B333-E765EC77A6EF}"
EndProject
Project("{2150E333-8FDC-42A3-9474-1A3956D46DE8}") = "Invester", "Invester", "{C5241CAB-3BC4-4E19-8FC8-000B68CD220D}"
EndProject
Project("{2150E333-8FDC-42A3-9474-1A3956D46DE8}") = "Broker", "Broker", "{A07B3A47-4031-4872-8F2F-593B6AC78D68}"
EndProject
Project("{2150E333-8FDC-42A3-9474-1A3956D46DE8}") = "Web", "Web", "{EA0FF8F3-84F9-4C91-A2BC-0018DB152C15}"
EndProject
Project("{2150E333-8FDC-42A3-9474-1A3956D46DE8}") = "BusinessLogic", "BusinessLogic", "{5A88DB16-DD75-4A1F-B663-CFE1AB1241CE}"
EndProject
Project("{2150E333-8FDC-42A3-9474-1A3956D46DE8}") = "Data", "Data", "{2038C460-38A2-4DAD-BAF0-3207D6A64BAE}"
EndProject
Project("{2150E333-8FDC-42A3-9474-1A3956D46DE8}") = "Presantation", "Presantation", "{AC48F4F3-FCAB-4928-9821-08C0380076F6}"
EndProject
Project("{FAE04EC0-301F-11D3-BF4B-00C04F79EFBC}") = "BrokerBusinessBL", "BrokerBusinessBL\BrokerBusinessBL.csproj", "{7961D744-9F6E-44DC-97F0-3CF11AA88F6B}"
EndProject
Project("{FAE04EC0-301F-11D3-BF4B-00C04F79EFBC}") = "BrokerRepository", "BrokerRepository\BrokerRepository.csproj", "{519FE5A2-7439-4EFD-8A5B-558DDFD6DB34}"
EndProject
Project("{2150E333-8FDC-42A3-9474-1A3956D46DE8}") = "Web", "Web", "{ED9159AB-4DFC-4EC7-BC65-F9F872112606}"
EndProject
<<<<<<< HEAD
Project("{FAE04EC0-301F-11D3-BF4B-00C04F79EFBC}") = "BrokerUIProcess", "BrokerUiProcess\BrokerUIProcess.csproj", "{A2A0E96A-FC2B-4465-AA61-04736863F1A9}"
	ProjectSection(ProjectDependencies) = postProject
		{E7BB37C0-C53B-44FC-A07A-65F8842446EE} = {E7BB37C0-C53B-44FC-A07A-65F8842446EE}
	EndProjectSection
=======
Project("{FAE04EC0-301F-11D3-BF4B-00C04F79EFBC}") = "Broker.UI.Web", "Broker.UI.Web\Broker.UI.Web.csproj", "{A2AA2A5F-14C6-49B2-A41A-E4F47E5BEF36}"
>>>>>>> 59c751f50057a435c080c6a1d406702026bff2b6
EndProject
Project("{FAE04EC0-301F-11D3-BF4B-00C04F79EFBC}") = "Broker.UI.Web", "Broker.UI.Web\Broker.UI.Web.csproj", "{A2AA2A5F-14C6-49B2-A41A-E4F47E5BEF36}"
EndProject
<<<<<<< HEAD
Project("{2150E333-8FDC-42A3-9474-1A3956D46DE8}") = "Host", "Host", "{F30390AA-EF12-4377-B2F0-25956F39DEBA}"
EndProject
Project("{2150E333-8FDC-42A3-9474-1A3956D46DE8}") = "Host", "Host", "{4B668F8A-837D-4240-BAAE-88F87999B42A}"
EndProject
Project("{FAE04EC0-301F-11D3-BF4B-00C04F79EFBC}") = "InvestorserviceHost", "InvestorserviceHost\InvestorserviceHost.csproj", "{E7BB37C0-C53B-44FC-A07A-65F8842446EE}"
EndProject
=======
>>>>>>> 59c751f50057a435c080c6a1d406702026bff2b6
Project("{2150E333-8FDC-42A3-9474-1A3956D46DE8}") = "Common", "Common", "{D3608C70-FE2C-40D5-8262-324D5D1EDE86}"
EndProject
Project("{2150E333-8FDC-42A3-9474-1A3956D46DE8}") = "CommonBL", "CommonBL", "{15A3764D-8DD4-48C0-BA84-F439270F139A}"
EndProject
Project("{FAE04EC0-301F-11D3-BF4B-00C04F79EFBC}") = "CommonBL", "CommonBL\CommonBL.csproj", "{29DEAE61-5169-48E1-81CA-974729BD97E8}"
EndProject
Project("{2150E333-8FDC-42A3-9474-1A3956D46DE8}") = "CommonRepository", "CommonRepository", "{6BFAEFBB-FBAE-40E9-9DD0-D5B654B7A808}"
EndProject
Project("{FAE04EC0-301F-11D3-BF4B-00C04F79EFBC}") = "CommonRepository", "CommonRepositorie\CommonRepository.csproj", "{92B4A973-DB16-424F-A941-1F8A5B0D3C4D}"
EndProject
Global
	GlobalSection(SolutionConfigurationPlatforms) = preSolution
		Debug|Any CPU = Debug|Any CPU
		Release|Any CPU = Release|Any CPU
	EndGlobalSection
	GlobalSection(ProjectConfigurationPlatforms) = postSolution
		{E87BD05E-654C-40FB-A509-C5DDD63BD738}.Debug|Any CPU.ActiveCfg = Debug|Any CPU
		{E87BD05E-654C-40FB-A509-C5DDD63BD738}.Debug|Any CPU.Build.0 = Debug|Any CPU
		{E87BD05E-654C-40FB-A509-C5DDD63BD738}.Release|Any CPU.ActiveCfg = Release|Any CPU
		{E87BD05E-654C-40FB-A509-C5DDD63BD738}.Release|Any CPU.Build.0 = Release|Any CPU
		{E54FB519-F080-4F85-8E22-0D96B0AC5FA1}.Debug|Any CPU.ActiveCfg = Debug|Any CPU
		{E54FB519-F080-4F85-8E22-0D96B0AC5FA1}.Debug|Any CPU.Build.0 = Debug|Any CPU
		{E54FB519-F080-4F85-8E22-0D96B0AC5FA1}.Release|Any CPU.ActiveCfg = Release|Any CPU
		{E54FB519-F080-4F85-8E22-0D96B0AC5FA1}.Release|Any CPU.Build.0 = Release|Any CPU
		{003B1DED-1D96-49D9-B61C-729CD6427912}.Debug|Any CPU.ActiveCfg = Debug|Any CPU
		{003B1DED-1D96-49D9-B61C-729CD6427912}.Debug|Any CPU.Build.0 = Debug|Any CPU
		{003B1DED-1D96-49D9-B61C-729CD6427912}.Release|Any CPU.ActiveCfg = Release|Any CPU
		{003B1DED-1D96-49D9-B61C-729CD6427912}.Release|Any CPU.Build.0 = Release|Any CPU
		{CF8F45A8-B56A-4169-8B65-F4DFE80AA045}.Debug|Any CPU.ActiveCfg = Debug|Any CPU
		{CF8F45A8-B56A-4169-8B65-F4DFE80AA045}.Debug|Any CPU.Build.0 = Debug|Any CPU
		{CF8F45A8-B56A-4169-8B65-F4DFE80AA045}.Release|Any CPU.ActiveCfg = Release|Any CPU
		{CF8F45A8-B56A-4169-8B65-F4DFE80AA045}.Release|Any CPU.Build.0 = Release|Any CPU
		{7961D744-9F6E-44DC-97F0-3CF11AA88F6B}.Debug|Any CPU.ActiveCfg = Debug|Any CPU
		{7961D744-9F6E-44DC-97F0-3CF11AA88F6B}.Debug|Any CPU.Build.0 = Debug|Any CPU
		{7961D744-9F6E-44DC-97F0-3CF11AA88F6B}.Release|Any CPU.ActiveCfg = Release|Any CPU
		{7961D744-9F6E-44DC-97F0-3CF11AA88F6B}.Release|Any CPU.Build.0 = Release|Any CPU
		{519FE5A2-7439-4EFD-8A5B-558DDFD6DB34}.Debug|Any CPU.ActiveCfg = Debug|Any CPU
		{519FE5A2-7439-4EFD-8A5B-558DDFD6DB34}.Debug|Any CPU.Build.0 = Debug|Any CPU
		{519FE5A2-7439-4EFD-8A5B-558DDFD6DB34}.Release|Any CPU.ActiveCfg = Release|Any CPU
		{519FE5A2-7439-4EFD-8A5B-558DDFD6DB34}.Release|Any CPU.Build.0 = Release|Any CPU
		{A2AA2A5F-14C6-49B2-A41A-E4F47E5BEF36}.Debug|Any CPU.ActiveCfg = Debug|Any CPU
		{A2AA2A5F-14C6-49B2-A41A-E4F47E5BEF36}.Debug|Any CPU.Build.0 = Debug|Any CPU
		{A2AA2A5F-14C6-49B2-A41A-E4F47E5BEF36}.Release|Any CPU.ActiveCfg = Release|Any CPU
		{A2AA2A5F-14C6-49B2-A41A-E4F47E5BEF36}.Release|Any CPU.Build.0 = Release|Any CPU
<<<<<<< HEAD
		{E7BB37C0-C53B-44FC-A07A-65F8842446EE}.Debug|Any CPU.ActiveCfg = Debug|Any CPU
		{E7BB37C0-C53B-44FC-A07A-65F8842446EE}.Debug|Any CPU.Build.0 = Debug|Any CPU
		{E7BB37C0-C53B-44FC-A07A-65F8842446EE}.Release|Any CPU.ActiveCfg = Release|Any CPU
		{E7BB37C0-C53B-44FC-A07A-65F8842446EE}.Release|Any CPU.Build.0 = Release|Any CPU
=======
>>>>>>> 59c751f50057a435c080c6a1d406702026bff2b6
		{29DEAE61-5169-48E1-81CA-974729BD97E8}.Debug|Any CPU.ActiveCfg = Debug|Any CPU
		{29DEAE61-5169-48E1-81CA-974729BD97E8}.Debug|Any CPU.Build.0 = Debug|Any CPU
		{29DEAE61-5169-48E1-81CA-974729BD97E8}.Release|Any CPU.ActiveCfg = Release|Any CPU
		{29DEAE61-5169-48E1-81CA-974729BD97E8}.Release|Any CPU.Build.0 = Release|Any CPU
		{92B4A973-DB16-424F-A941-1F8A5B0D3C4D}.Debug|Any CPU.ActiveCfg = Debug|Any CPU
		{92B4A973-DB16-424F-A941-1F8A5B0D3C4D}.Debug|Any CPU.Build.0 = Debug|Any CPU
		{92B4A973-DB16-424F-A941-1F8A5B0D3C4D}.Release|Any CPU.ActiveCfg = Release|Any CPU
		{92B4A973-DB16-424F-A941-1F8A5B0D3C4D}.Release|Any CPU.Build.0 = Release|Any CPU
	EndGlobalSection
	GlobalSection(SolutionProperties) = preSolution
		HideSolutionNode = FALSE
	EndGlobalSection
	GlobalSection(NestedProjects) = preSolution
		{E87BD05E-654C-40FB-A509-C5DDD63BD738} = {EA0FF8F3-84F9-4C91-A2BC-0018DB152C15}
		{E54FB519-F080-4F85-8E22-0D96B0AC5FA1} = {D0936F3C-F313-48A0-AF81-F33D73E65D82}
		{D0936F3C-F313-48A0-AF81-F33D73E65D82} = {D3608C70-FE2C-40D5-8262-324D5D1EDE86}
		{41B60DBF-43F7-4110-B61B-6B51D74F6C18} = {C5241CAB-3BC4-4E19-8FC8-000B68CD220D}
		{003B1DED-1D96-49D9-B61C-729CD6427912} = {41B60DBF-43F7-4110-B61B-6B51D74F6C18}
		{E7207391-C1FC-4E89-A0A4-7EB8830A9CBF} = {C5241CAB-3BC4-4E19-8FC8-000B68CD220D}
		{CF8F45A8-B56A-4169-8B65-F4DFE80AA045} = {E7207391-C1FC-4E89-A0A4-7EB8830A9CBF}
		{D6526A77-C1EE-434F-B333-E765EC77A6EF} = {C5241CAB-3BC4-4E19-8FC8-000B68CD220D}
		{EA0FF8F3-84F9-4C91-A2BC-0018DB152C15} = {D6526A77-C1EE-434F-B333-E765EC77A6EF}
		{5A88DB16-DD75-4A1F-B663-CFE1AB1241CE} = {A07B3A47-4031-4872-8F2F-593B6AC78D68}
		{2038C460-38A2-4DAD-BAF0-3207D6A64BAE} = {A07B3A47-4031-4872-8F2F-593B6AC78D68}
		{AC48F4F3-FCAB-4928-9821-08C0380076F6} = {A07B3A47-4031-4872-8F2F-593B6AC78D68}
		{7961D744-9F6E-44DC-97F0-3CF11AA88F6B} = {5A88DB16-DD75-4A1F-B663-CFE1AB1241CE}
		{519FE5A2-7439-4EFD-8A5B-558DDFD6DB34} = {2038C460-38A2-4DAD-BAF0-3207D6A64BAE}
		{ED9159AB-4DFC-4EC7-BC65-F9F872112606} = {AC48F4F3-FCAB-4928-9821-08C0380076F6}
		{A2AA2A5F-14C6-49B2-A41A-E4F47E5BEF36} = {ED9159AB-4DFC-4EC7-BC65-F9F872112606}
		{F30390AA-EF12-4377-B2F0-25956F39DEBA} = {A07B3A47-4031-4872-8F2F-593B6AC78D68}
<<<<<<< HEAD
		{4B668F8A-837D-4240-BAAE-88F87999B42A} = {C5241CAB-3BC4-4E19-8FC8-000B68CD220D}
		{E7BB37C0-C53B-44FC-A07A-65F8842446EE} = {4B668F8A-837D-4240-BAAE-88F87999B42A}
=======
>>>>>>> 59c751f50057a435c080c6a1d406702026bff2b6
		{15A3764D-8DD4-48C0-BA84-F439270F139A} = {D3608C70-FE2C-40D5-8262-324D5D1EDE86}
		{29DEAE61-5169-48E1-81CA-974729BD97E8} = {15A3764D-8DD4-48C0-BA84-F439270F139A}
		{6BFAEFBB-FBAE-40E9-9DD0-D5B654B7A808} = {D3608C70-FE2C-40D5-8262-324D5D1EDE86}
		{92B4A973-DB16-424F-A941-1F8A5B0D3C4D} = {6BFAEFBB-FBAE-40E9-9DD0-D5B654B7A808}
	EndGlobalSection
EndGlobal
